// !$*UTF8*$!
{
	archiveVersion = 1;
	classes = {
	};
	objectVersion = 46;
	objects = {

/* Begin PBXFileReference section */
		475FAC74196934550073363C /* flatten_tree.cpp */ = {isa = PBXFileReference; lastKnownFileType = sourcecode.cpp.cpp; path = flatten_tree.cpp; sourceTree = "<group>"; };
		475FAC75196934550073363C /* flatten_tree.h */ = {isa = PBXFileReference; lastKnownFileType = sourcecode.c.h; path = flatten_tree.h; sourceTree = "<group>"; };
/* End PBXFileReference section */

/* Begin PBXGroup section */
		47248C4218CD8FC700A7F590 = {
			isa = PBXGroup;
			children = (
				475FAC74196934550073363C /* flatten_tree.cpp */,
				475FAC75196934550073363C /* flatten_tree.h */,
			);
			sourceTree = "<group>";
		};
/* End PBXGroup section */

/* Begin PBXProject section */
		47248C4318CD8FC700A7F590 /* Project object */ = {
			isa = PBXProject;
			attributes = {
				LastUpgradeCheck = 0500;
			};
			buildConfigurationList = 47248C4618CD8FC700A7F590 /* Build configuration list for PBXProject "learningC++" */;
			compatibilityVersion = "Xcode 3.2";
			developmentRegion = English;
			hasScannedForEncodings = 0;
			knownRegions = (
				en,
			);
			mainGroup = 47248C4218CD8FC700A7F590;
			projectDirPath = "";
			projectRoot = "";
			targets = (
			);
		};
/* End PBXProject section */

/* Begin XCBuildConfiguration section */
		47248C4718CD8FC700A7F590 /* Debug */ = {
			isa = XCBuildConfiguration;
			buildSettings = {
			};
			name = Debug;
		};
		47248C4818CD8FC700A7F590 /* Release */ = {
			isa = XCBuildConfiguration;
			buildSettings = {
			};
			name = Release;
		};
/* End XCBuildConfiguration section */

/* Begin XCConfigurationList section */
		47248C4618CD8FC700A7F590 /* Build configuration list for PBXProject "learningC++" */ = {
			isa = XCConfigurationList;
			buildConfigurations = (
				47248C4718CD8FC700A7F590 /* Debug */,
				47248C4818CD8FC700A7F590 /* Release */,
			);
			defaultConfigurationIsVisible = 0;
			defaultConfigurationName = Debug;
		};
/* End XCConfigurationList section */
	};
	rootObject = 47248C4318CD8FC700A7F590 /* Project object */;
}
